
Microsoft Visual Studio Solution File, Format Version 10.00
# Visual Studio 2008
Project("{FAE04EC0-301F-11D3-BF4B-00C04F79EFBC}") = "KeeMasterPasswordApp", "KeeMasterPasswordApp\KeeMasterPasswordApp.csproj", "{F02F183C-615A-4725-B4E2-7099CC7AED25}"
EndProject
Project("{FAE04EC0-301F-11D3-BF4B-00C04F79EFBC}") = "MasterPasswordLib", "DotNetMasterPassword\MasterPasswordLib\MasterPasswordLib.csproj", "{53AA1BEA-03E1-4CC6-8812-05A69E2DA508}"
EndProject
Global
	GlobalSection(SolutionConfigurationPlatforms) = preSolution
		Debug|Any CPU = Debug|Any CPU
		Release|Any CPU = Release|Any CPU
	EndGlobalSection
	GlobalSection(ProjectConfigurationPlatforms) = postSolution
		{F02F183C-615A-4725-B4E2-7099CC7AED25}.Debug|Any CPU.ActiveCfg = Debug|Any CPU
		{F02F183C-615A-4725-B4E2-7099CC7AED25}.Debug|Any CPU.Build.0 = Debug|Any CPU
		{F02F183C-615A-4725-B4E2-7099CC7AED25}.Release|Any CPU.ActiveCfg = Release|Any CPU
		{F02F183C-615A-4725-B4E2-7099CC7AED25}.Release|Any CPU.Build.0 = Release|Any CPU
		{53AA1BEA-03E1-4CC6-8812-05A69E2DA508}.Debug|Any CPU.ActiveCfg = Debug|Any CPU
		{53AA1BEA-03E1-4CC6-8812-05A69E2DA508}.Debug|Any CPU.Build.0 = Debug|Any CPU
		{53AA1BEA-03E1-4CC6-8812-05A69E2DA508}.Release|Any CPU.ActiveCfg = Release|Any CPU
		{53AA1BEA-03E1-4CC6-8812-05A69E2DA508}.Release|Any CPU.Build.0 = Release|Any CPU
	EndGlobalSection
	GlobalSection(SolutionProperties) = preSolution
		HideSolutionNode = FALSE
	EndGlobalSection
EndGlobal
